PODS:
  - Flutter (1.0.0)
  - flutter_ip (0.2.0):
    - Flutter

DEPENDENCIES:
  - Flutter (from `.symlinks/flutter/ios`)
  - flutter_ip (from `.symlinks/plugins/flutter_ip/ios`)

EXTERNAL SOURCES:
  Flutter:
    :path: ".symlinks/flutter/ios"
  flutter_ip:
    :path: ".symlinks/plugins/flutter_ip/ios"

SPEC CHECKSUMS:
  Flutter: 0e3d915762c693b495b44d77113d4970485de6ec
  flutter_ip: 43d1215a38a40aaea895a7dae9d1c53e50f504b3

PODFILE CHECKSUM: b6a0a141693093b304368d08511b46cf3d1d0ac5

COCOAPODS: 1.7.5
